
Microsoft Visual Studio Solution File, Format Version 12.00
# Visual Studio Version 16
VisualStudioVersion = 16.0.30621.155
MinimumVisualStudioVersion = 10.0.40219.1
Project("{FAE04EC0-301F-11D3-BF4B-00C04F79EFBC}") = "MoviesApp", "MoviesApp\MoviesApp.csproj", "{A63A81CA-10FE-47DD-9D44-70A84C9D6422}"
EndProject
Global
	GlobalSection(SolutionConfigurationPlatforms) = preSolution
		Debug|Any CPU = Debug|Any CPU
		Release|Any CPU = Release|Any CPU
	EndGlobalSection
	GlobalSection(ProjectConfigurationPlatforms) = postSolution
		{A63A81CA-10FE-47DD-9D44-70A84C9D6422}.Debug|Any CPU.ActiveCfg = Debug|Any CPU
		{A63A81CA-10FE-47DD-9D44-70A84C9D6422}.Debug|Any CPU.Build.0 = Debug|Any CPU
		{A63A81CA-10FE-47DD-9D44-70A84C9D6422}.Release|Any CPU.ActiveCfg = Release|Any CPU
		{A63A81CA-10FE-47DD-9D44-70A84C9D6422}.Release|Any CPU.Build.0 = Release|Any CPU
	EndGlobalSection
	GlobalSection(SolutionProperties) = preSolution
		HideSolutionNode = FALSE
	EndGlobalSection
	GlobalSection(ExtensibilityGlobals) = postSolution
		SolutionGuid = {2B6C3BD2-9910-45A6-B4AE-6AC5E67F6923}
	EndGlobalSection
EndGlobal
